
Microsoft Visual Studio Solution File, Format Version 12.00
# Visual Studio Version 16
VisualStudioVersion = 16.0.29920.165
MinimumVisualStudioVersion = 10.0.40219.1
Project("{FAE04EC0-301F-11D3-BF4B-00C04F79EFBC}") = "FootballersMVVM", "FootballersMVVM\FootballersMVVM.csproj", "{006DA4E0-398D-449E-945A-EA6D05E331DA}"
EndProject
Global
	GlobalSection(SolutionConfigurationPlatforms) = preSolution
		Debug|Any CPU = Debug|Any CPU
		Release|Any CPU = Release|Any CPU
	EndGlobalSection
	GlobalSection(ProjectConfigurationPlatforms) = postSolution
		{006DA4E0-398D-449E-945A-EA6D05E331DA}.Debug|Any CPU.ActiveCfg = Debug|Any CPU
		{006DA4E0-398D-449E-945A-EA6D05E331DA}.Debug|Any CPU.Build.0 = Debug|Any CPU
		{006DA4E0-398D-449E-945A-EA6D05E331DA}.Release|Any CPU.ActiveCfg = Release|Any CPU
		{006DA4E0-398D-449E-945A-EA6D05E331DA}.Release|Any CPU.Build.0 = Release|Any CPU
	EndGlobalSection
	GlobalSection(SolutionProperties) = preSolution
		HideSolutionNode = FALSE
	EndGlobalSection
	GlobalSection(ExtensibilityGlobals) = postSolution
		SolutionGuid = {5E38496A-BF7D-40FB-B790-A00C8CE82236}
	EndGlobalSection
EndGlobal
